
Microsoft Visual Studio Solution File, Format Version 12.00
# Visual Studio Version 17
VisualStudioVersion = 17.10.34928.147
MinimumVisualStudioVersion = 10.0.40219.1
Project("{FAE04EC0-301F-11D3-BF4B-00C04F79EFBC}") = "UniversalConsole", "UniversalConsole.csproj", "{0F466CA7-B3B4-4E17-A7E1-DCF524A20A42}"
EndProject
Project("{8BC9CEB8-8B4A-11D0-8D11-00A0C91BC942}") = "MathLibrary", "..\MathLibrary\MathLibrary.vcxproj", "{10FFCFD0-4DBE-4059-AC5D-1883F12CC0BA}"
EndProject
Project("{FAE04EC0-301F-11D3-BF4B-00C04F79EFBC}") = "ConsoleDBConnection", "..\ConsoleDBConnection\ConsoleDBConnection.csproj", "{04A20FED-0D97-4A91-B7BA-270FFF08FE38}"
EndProject
Project("{FAE04EC0-301F-11D3-BF4B-00C04F79EFBC}") = "UniversalConsoleAdvanced", "..\UniversalConsoleAdvanced\UniversalConsoleAdvanced.csproj", "{734D2EFC-425D-4538-A043-427FED0DBC5B}"
EndProject
Project("{FAE04EC0-301F-11D3-BF4B-00C04F79EFBC}") = "ConsoleMathLib", "..\ConsoleMathLib\ConsoleMathLib.csproj", "{279C880A-26E7-4CDA-AC9B-AF962AF7B773}"
EndProject
Project("{FAE04EC0-301F-11D3-BF4B-00C04F79EFBC}") = "UniversalConsoleShared", "..\UniversalConsoleShared\UniversalConsoleShared.csproj", "{6E9D3533-CD8E-4FB3-9488-1A721EC54E7C}"
EndProject
Project("{FAE04EC0-301F-11D3-BF4B-00C04F79EFBC}") = "FileProcessor", "..\FileProcessor\FileProcessor.csproj", "{F30D5765-97F5-4109-A858-78A361028B73}"
EndProject
Project("{FAE04EC0-301F-11D3-BF4B-00C04F79EFBC}") = "HackerConsole", "..\HackerConsole\HackerConsole.csproj", "{B4BEFE07-BEBA-4E85-9A3D-8A6BF55A0B24}"
EndProject
Project("{FAE04EC0-301F-11D3-BF4B-00C04F79EFBC}") = "UniversalConsolePremium", "..\UniversalConsolePremium\UniversalConsolePremium.csproj", "{9C7847A4-DBA9-4B38-B05E-45D0B760FCF4}"
EndProject
Global
	GlobalSection(SolutionConfigurationPlatforms) = preSolution
		Debug|Any CPU = Debug|Any CPU
		Debug|x64 = Debug|x64
		Debug|x86 = Debug|x86
		Release|Any CPU = Release|Any CPU
		Release|x64 = Release|x64
		Release|x86 = Release|x86
	EndGlobalSection
	GlobalSection(ProjectConfigurationPlatforms) = postSolution
		{0F466CA7-B3B4-4E17-A7E1-DCF524A20A42}.Debug|Any CPU.ActiveCfg = Debug|Any CPU
		{0F466CA7-B3B4-4E17-A7E1-DCF524A20A42}.Debug|Any CPU.Build.0 = Debug|Any CPU
		{0F466CA7-B3B4-4E17-A7E1-DCF524A20A42}.Debug|x64.ActiveCfg = Debug|Any CPU
		{0F466CA7-B3B4-4E17-A7E1-DCF524A20A42}.Debug|x64.Build.0 = Debug|Any CPU
		{0F466CA7-B3B4-4E17-A7E1-DCF524A20A42}.Debug|x86.ActiveCfg = Debug|Any CPU
		{0F466CA7-B3B4-4E17-A7E1-DCF524A20A42}.Debug|x86.Build.0 = Debug|Any CPU
		{0F466CA7-B3B4-4E17-A7E1-DCF524A20A42}.Release|Any CPU.ActiveCfg = Release|Any CPU
		{0F466CA7-B3B4-4E17-A7E1-DCF524A20A42}.Release|Any CPU.Build.0 = Release|Any CPU
		{0F466CA7-B3B4-4E17-A7E1-DCF524A20A42}.Release|x64.ActiveCfg = Release|Any CPU
		{0F466CA7-B3B4-4E17-A7E1-DCF524A20A42}.Release|x64.Build.0 = Release|Any CPU
		{0F466CA7-B3B4-4E17-A7E1-DCF524A20A42}.Release|x86.ActiveCfg = Release|Any CPU
		{0F466CA7-B3B4-4E17-A7E1-DCF524A20A42}.Release|x86.Build.0 = Release|Any CPU
		{10FFCFD0-4DBE-4059-AC5D-1883F12CC0BA}.Debug|Any CPU.ActiveCfg = Debug|x64
		{10FFCFD0-4DBE-4059-AC5D-1883F12CC0BA}.Debug|Any CPU.Build.0 = Debug|x64
		{10FFCFD0-4DBE-4059-AC5D-1883F12CC0BA}.Debug|x64.ActiveCfg = Debug|x64
		{10FFCFD0-4DBE-4059-AC5D-1883F12CC0BA}.Debug|x64.Build.0 = Debug|x64
		{10FFCFD0-4DBE-4059-AC5D-1883F12CC0BA}.Debug|x86.ActiveCfg = Debug|Win32
		{10FFCFD0-4DBE-4059-AC5D-1883F12CC0BA}.Debug|x86.Build.0 = Debug|Win32
		{10FFCFD0-4DBE-4059-AC5D-1883F12CC0BA}.Release|Any CPU.ActiveCfg = Release|x64
		{10FFCFD0-4DBE-4059-AC5D-1883F12CC0BA}.Release|Any CPU.Build.0 = Release|x64
		{10FFCFD0-4DBE-4059-AC5D-1883F12CC0BA}.Release|x64.ActiveCfg = Release|x64
		{10FFCFD0-4DBE-4059-AC5D-1883F12CC0BA}.Release|x64.Build.0 = Release|x64
		{10FFCFD0-4DBE-4059-AC5D-1883F12CC0BA}.Release|x86.ActiveCfg = Release|Win32
		{10FFCFD0-4DBE-4059-AC5D-1883F12CC0BA}.Release|x86.Build.0 = Release|Win32
		{04A20FED-0D97-4A91-B7BA-270FFF08FE38}.Debug|Any CPU.ActiveCfg = Debug|Any CPU
		{04A20FED-0D97-4A91-B7BA-270FFF08FE38}.Debug|Any CPU.Build.0 = Debug|Any CPU
		{04A20FED-0D97-4A91-B7BA-270FFF08FE38}.Debug|x64.ActiveCfg = Debug|Any CPU
		{04A20FED-0D97-4A91-B7BA-270FFF08FE38}.Debug|x64.Build.0 = Debug|Any CPU
		{04A20FED-0D97-4A91-B7BA-270FFF08FE38}.Debug|x86.ActiveCfg = Debug|Any CPU
		{04A20FED-0D97-4A91-B7BA-270FFF08FE38}.Debug|x86.Build.0 = Debug|Any CPU
		{04A20FED-0D97-4A91-B7BA-270FFF08FE38}.Release|Any CPU.ActiveCfg = Release|Any CPU
		{04A20FED-0D97-4A91-B7BA-270FFF08FE38}.Release|Any CPU.Build.0 = Release|Any CPU
		{04A20FED-0D97-4A91-B7BA-270FFF08FE38}.Release|x64.ActiveCfg = Release|Any CPU
		{04A20FED-0D97-4A91-B7BA-270FFF08FE38}.Release|x64.Build.0 = Release|Any CPU
		{04A20FED-0D97-4A91-B7BA-270FFF08FE38}.Release|x86.ActiveCfg = Release|Any CPU
		{04A20FED-0D97-4A91-B7BA-270FFF08FE38}.Release|x86.Build.0 = Release|Any CPU
		{734D2EFC-425D-4538-A043-427FED0DBC5B}.Debug|Any CPU.ActiveCfg = Debug|Any CPU
		{734D2EFC-425D-4538-A043-427FED0DBC5B}.Debug|Any CPU.Build.0 = Debug|Any CPU
		{734D2EFC-425D-4538-A043-427FED0DBC5B}.Debug|x64.ActiveCfg = Debug|Any CPU
		{734D2EFC-425D-4538-A043-427FED0DBC5B}.Debug|x64.Build.0 = Debug|Any CPU
		{734D2EFC-425D-4538-A043-427FED0DBC5B}.Debug|x86.ActiveCfg = Debug|Any CPU
		{734D2EFC-425D-4538-A043-427FED0DBC5B}.Debug|x86.Build.0 = Debug|Any CPU
		{734D2EFC-425D-4538-A043-427FED0DBC5B}.Release|Any CPU.ActiveCfg = Release|Any CPU
		{734D2EFC-425D-4538-A043-427FED0DBC5B}.Release|Any CPU.Build.0 = Release|Any CPU
		{734D2EFC-425D-4538-A043-427FED0DBC5B}.Release|x64.ActiveCfg = Release|Any CPU
		{734D2EFC-425D-4538-A043-427FED0DBC5B}.Release|x64.Build.0 = Release|Any CPU
		{734D2EFC-425D-4538-A043-427FED0DBC5B}.Release|x86.ActiveCfg = Release|Any CPU
		{734D2EFC-425D-4538-A043-427FED0DBC5B}.Release|x86.Build.0 = Release|Any CPU
		{279C880A-26E7-4CDA-AC9B-AF962AF7B773}.Debug|Any CPU.ActiveCfg = Debug|Any CPU
		{279C880A-26E7-4CDA-AC9B-AF962AF7B773}.Debug|Any CPU.Build.0 = Debug|Any CPU
		{279C880A-26E7-4CDA-AC9B-AF962AF7B773}.Debug|x64.ActiveCfg = Debug|Any CPU
		{279C880A-26E7-4CDA-AC9B-AF962AF7B773}.Debug|x64.Build.0 = Debug|Any CPU
		{279C880A-26E7-4CDA-AC9B-AF962AF7B773}.Debug|x86.ActiveCfg = Debug|Any CPU
		{279C880A-26E7-4CDA-AC9B-AF962AF7B773}.Debug|x86.Build.0 = Debug|Any CPU
		{279C880A-26E7-4CDA-AC9B-AF962AF7B773}.Release|Any CPU.ActiveCfg = Release|Any CPU
		{279C880A-26E7-4CDA-AC9B-AF962AF7B773}.Release|Any CPU.Build.0 = Release|Any CPU
		{279C880A-26E7-4CDA-AC9B-AF962AF7B773}.Release|x64.ActiveCfg = Release|Any CPU
		{279C880A-26E7-4CDA-AC9B-AF962AF7B773}.Release|x64.Build.0 = Release|Any CPU
		{279C880A-26E7-4CDA-AC9B-AF962AF7B773}.Release|x86.ActiveCfg = Release|Any CPU
		{279C880A-26E7-4CDA-AC9B-AF962AF7B773}.Release|x86.Build.0 = Release|Any CPU
		{6E9D3533-CD8E-4FB3-9488-1A721EC54E7C}.Debug|Any CPU.ActiveCfg = Debug|Any CPU
		{6E9D3533-CD8E-4FB3-9488-1A721EC54E7C}.Debug|Any CPU.Build.0 = Debug|Any CPU
		{6E9D3533-CD8E-4FB3-9488-1A721EC54E7C}.Debug|x64.ActiveCfg = Debug|Any CPU
		{6E9D3533-CD8E-4FB3-9488-1A721EC54E7C}.Debug|x64.Build.0 = Debug|Any CPU
		{6E9D3533-CD8E-4FB3-9488-1A721EC54E7C}.Debug|x86.ActiveCfg = Debug|Any CPU
		{6E9D3533-CD8E-4FB3-9488-1A721EC54E7C}.Debug|x86.Build.0 = Debug|Any CPU
		{6E9D3533-CD8E-4FB3-9488-1A721EC54E7C}.Release|Any CPU.ActiveCfg = Release|Any CPU
		{6E9D3533-CD8E-4FB3-9488-1A721EC54E7C}.Release|Any CPU.Build.0 = Release|Any CPU
		{6E9D3533-CD8E-4FB3-9488-1A721EC54E7C}.Release|x64.ActiveCfg = Release|Any CPU
		{6E9D3533-CD8E-4FB3-9488-1A721EC54E7C}.Release|x64.Build.0 = Release|Any CPU
		{6E9D3533-CD8E-4FB3-9488-1A721EC54E7C}.Release|x86.ActiveCfg = Release|Any CPU
		{6E9D3533-CD8E-4FB3-9488-1A721EC54E7C}.Release|x86.Build.0 = Release|Any CPU
		{F30D5765-97F5-4109-A858-78A361028B73}.Debug|Any CPU.ActiveCfg = Debug|Any CPU
		{F30D5765-97F5-4109-A858-78A361028B73}.Debug|Any CPU.Build.0 = Debug|Any CPU
		{F30D5765-97F5-4109-A858-78A361028B73}.Debug|x64.ActiveCfg = Debug|Any CPU
		{F30D5765-97F5-4109-A858-78A361028B73}.Debug|x64.Build.0 = Debug|Any CPU
		{F30D5765-97F5-4109-A858-78A361028B73}.Debug|x86.ActiveCfg = Debug|Any CPU
		{F30D5765-97F5-4109-A858-78A361028B73}.Debug|x86.Build.0 = Debug|Any CPU
		{F30D5765-97F5-4109-A858-78A361028B73}.Release|Any CPU.ActiveCfg = Release|Any CPU
		{F30D5765-97F5-4109-A858-78A361028B73}.Release|Any CPU.Build.0 = Release|Any CPU
		{F30D5765-97F5-4109-A858-78A361028B73}.Release|x64.ActiveCfg = Release|Any CPU
		{F30D5765-97F5-4109-A858-78A361028B73}.Release|x64.Build.0 = Release|Any CPU
		{F30D5765-97F5-4109-A858-78A361028B73}.Release|x86.ActiveCfg = Release|Any CPU
		{F30D5765-97F5-4109-A858-78A361028B73}.Release|x86.Build.0 = Release|Any CPU
		{B4BEFE07-BEBA-4E85-9A3D-8A6BF55A0B24}.Debug|Any CPU.ActiveCfg = Debug|Any CPU
		{B4BEFE07-BEBA-4E85-9A3D-8A6BF55A0B24}.Debug|Any CPU.Build.0 = Debug|Any CPU
		{B4BEFE07-BEBA-4E85-9A3D-8A6BF55A0B24}.Debug|x64.ActiveCfg = Debug|Any CPU
		{B4BEFE07-BEBA-4E85-9A3D-8A6BF55A0B24}.Debug|x64.Build.0 = Debug|Any CPU
		{B4BEFE07-BEBA-4E85-9A3D-8A6BF55A0B24}.Debug|x86.ActiveCfg = Debug|Any CPU
		{B4BEFE07-BEBA-4E85-9A3D-8A6BF55A0B24}.Debug|x86.Build.0 = Debug|Any CPU
		{B4BEFE07-BEBA-4E85-9A3D-8A6BF55A0B24}.Release|Any CPU.ActiveCfg = Release|Any CPU
		{B4BEFE07-BEBA-4E85-9A3D-8A6BF55A0B24}.Release|Any CPU.Build.0 = Release|Any CPU
		{B4BEFE07-BEBA-4E85-9A3D-8A6BF55A0B24}.Release|x64.ActiveCfg = Release|Any CPU
		{B4BEFE07-BEBA-4E85-9A3D-8A6BF55A0B24}.Release|x64.Build.0 = Release|Any CPU
		{B4BEFE07-BEBA-4E85-9A3D-8A6BF55A0B24}.Release|x86.ActiveCfg = Release|Any CPU
		{B4BEFE07-BEBA-4E85-9A3D-8A6BF55A0B24}.Release|x86.Build.0 = Release|Any CPU
		{9C7847A4-DBA9-4B38-B05E-45D0B760FCF4}.Debug|Any CPU.ActiveCfg = Debug|Any CPU
		{9C7847A4-DBA9-4B38-B05E-45D0B760FCF4}.Debug|Any CPU.Build.0 = Debug|Any CPU
		{9C7847A4-DBA9-4B38-B05E-45D0B760FCF4}.Debug|x64.ActiveCfg = Debug|Any CPU
		{9C7847A4-DBA9-4B38-B05E-45D0B760FCF4}.Debug|x64.Build.0 = Debug|Any CPU
		{9C7847A4-DBA9-4B38-B05E-45D0B760FCF4}.Debug|x86.ActiveCfg = Debug|Any CPU
		{9C7847A4-DBA9-4B38-B05E-45D0B760FCF4}.Debug|x86.Build.0 = Debug|Any CPU
		{9C7847A4-DBA9-4B38-B05E-45D0B760FCF4}.Release|Any CPU.ActiveCfg = Release|Any CPU
		{9C7847A4-DBA9-4B38-B05E-45D0B760FCF4}.Release|Any CPU.Build.0 = Release|Any CPU
		{9C7847A4-DBA9-4B38-B05E-45D0B760FCF4}.Release|x64.ActiveCfg = Release|Any CPU
		{9C7847A4-DBA9-4B38-B05E-45D0B760FCF4}.Release|x64.Build.0 = Release|Any CPU
		{9C7847A4-DBA9-4B38-B05E-45D0B760FCF4}.Release|x86.ActiveCfg = Release|Any CPU
		{9C7847A4-DBA9-4B38-B05E-45D0B760FCF4}.Release|x86.Build.0 = Release|Any CPU
	EndGlobalSection
	GlobalSection(SolutionProperties) = preSolution
		HideSolutionNode = FALSE
	EndGlobalSection
	GlobalSection(ExtensibilityGlobals) = postSolution
		SolutionGuid = {FB619CE1-04B9-452D-B99B-577F9D4E89F1}
	EndGlobalSection
EndGlobal
